
Microsoft Visual Studio Solution File, Format Version 12.00
# Visual Studio Version 16
VisualStudioVersion = 16.0.29102.190
MinimumVisualStudioVersion = 10.0.40219.1
Project("{FAE04EC0-301F-11D3-BF4B-00C04F79EFBC}") = "QuizTesting", "QuizTesting\QuizTesting.csproj", "{996F1B71-4C36-4830-8375-7BDED3660032}"
EndProject
Global
	GlobalSection(SolutionConfigurationPlatforms) = preSolution
		Debug|Any CPU = Debug|Any CPU
		Release|Any CPU = Release|Any CPU
	EndGlobalSection
	GlobalSection(ProjectConfigurationPlatforms) = postSolution
		{996F1B71-4C36-4830-8375-7BDED3660032}.Debug|Any CPU.ActiveCfg = Debug|Any CPU
		{996F1B71-4C36-4830-8375-7BDED3660032}.Debug|Any CPU.Build.0 = Debug|Any CPU
		{996F1B71-4C36-4830-8375-7BDED3660032}.Release|Any CPU.ActiveCfg = Release|Any CPU
		{996F1B71-4C36-4830-8375-7BDED3660032}.Release|Any CPU.Build.0 = Release|Any CPU
	EndGlobalSection
	GlobalSection(SolutionProperties) = preSolution
		HideSolutionNode = FALSE
	EndGlobalSection
	GlobalSection(ExtensibilityGlobals) = postSolution
		SolutionGuid = {91CB5DC8-07D9-4B5C-8DB3-27F5E3E7738C}
	EndGlobalSection
EndGlobal
